
Microsoft Visual Studio Solution File, Format Version 12.00
Project("{FAE04EC0-301F-11D3-BF4B-00C04F79EFBC}") = "realtor_notes_backend", "realtor_notes_backend\realtor_notes_backend.csproj", "{83A9ACF4-344F-478D-AA2B-8619D043D85B}"
EndProject
Global
	GlobalSection(SolutionConfigurationPlatforms) = preSolution
		Debug|Any CPU = Debug|Any CPU
		Release|Any CPU = Release|Any CPU
	EndGlobalSection
	GlobalSection(ProjectConfigurationPlatforms) = postSolution
		{83A9ACF4-344F-478D-AA2B-8619D043D85B}.Debug|Any CPU.ActiveCfg = Debug|Any CPU
		{83A9ACF4-344F-478D-AA2B-8619D043D85B}.Debug|Any CPU.Build.0 = Debug|Any CPU
		{83A9ACF4-344F-478D-AA2B-8619D043D85B}.Release|Any CPU.ActiveCfg = Release|Any CPU
		{83A9ACF4-344F-478D-AA2B-8619D043D85B}.Release|Any CPU.Build.0 = Release|Any CPU
	EndGlobalSection
EndGlobal
